# This file is automatically generated by rhiza. Do not edit it manually.
---
sha: 68e43ec8805decd8fb4480d51661fdc31e04edf3
repo: jebel-quant/rhiza
host: github
ref: v0.8.6
include: []
exclude: []
templates:
  - core
  - github
  - renovate
  - legal
files:
  - .rhiza/rhiza.mk
  - .rhiza/.cfg.toml
  - .rhiza/.env
  - .rhiza/.gitignore
  - .rhiza/.rhiza-version
  - .rhiza/make.d/custom-env.mk
  - .rhiza/make.d/docs.mk
  - .rhiza/make.d/gh-aw.mk
  - .rhiza/make.d/custom-task.mk
  - .rhiza/make.d/quality.mk
  - .rhiza/make.d/bootstrap.mk
  - .rhiza/make.d/releasing.mk
  - .rhiza/make.d/README.md
  - .rhiza/docs/ASSETS.md
  - .rhiza/docs/WORKFLOWS.md
  - .rhiza/docs/PRIVATE_PACKAGES.md
  - .rhiza/docs/RELEASING.md
  - .rhiza/docs/TOKEN_SETUP.md
  - .rhiza/docs/CONFIG.md
  - .rhiza/docs/LFS.md
  - .rhiza/assets/rhiza-logo.svg
  - .rhiza/requirements/README.md
  - .rhiza/requirements/docs.txt
  - .rhiza/requirements/tools.txt
  - Makefile
  - .pre-commit-config.yaml
  - .editorconfig
  - .gitignore
  - .python-version
  - ruff.toml
  - docs/SECURITY.md
  - docs/ARCHITECTURE.md
  - docs/CUSTOMIZATION.md
  - docs/GLOSSARY.md
  - docs/QUICK_REFERENCE.md
  - docs/DEMO.md
  - .rhiza/make.d/github.mk
  - .rhiza/make.d/agentic.mk
  - .github/workflows/copilot-setup-steps.yml
  - .github/workflows/rhiza_validate.yml
  - .github/workflows/rhiza_sync.yml
  - .github/workflows/rhiza_pre-commit.yml
  - .github/workflows/rhiza_deptry.yml
  - .github/workflows/rhiza_release.yml
  - .github/workflows/renovate_rhiza_sync.yml
  - .github/actions/configure-git-auth/README.md
  - .github/actions/configure-git-auth/action.yml
  - .github/dependabot.yml
  - .github/copilot-instructions.md
  - .github/agents/summarise.md
  - .github/agents/analyser.md
  - .github/hooks/session-start.sh
  - .github/hooks/hooks.json
  - .github/hooks/session-end.sh
  - .github/secret_scanning.yml
synced_at: '2026-03-07T12:27:02Z'
strategy: merge
